
Microsoft Visual Studio Solution File, Format Version 12.00
# Visual Studio 15
VisualStudioVersion = 15.0.27703.2042
MinimumVisualStudioVersion = 10.0.40219.1
Project("{FAE04EC0-301F-11D3-BF4B-00C04F79EFBC}") = "LogX", "LogX\LogX.csproj", "{C5A7C06C-E399-4C26-B532-7EA284AFCB88}"
EndProject
Global
	GlobalSection(SolutionConfigurationPlatforms) = preSolution
		Debug|Any CPU = Debug|Any CPU
		Release|Any CPU = Release|Any CPU
	EndGlobalSection
	GlobalSection(ProjectConfigurationPlatforms) = postSolution
		{C5A7C06C-E399-4C26-B532-7EA284AFCB88}.Debug|Any CPU.ActiveCfg = Debug|Any CPU
		{C5A7C06C-E399-4C26-B532-7EA284AFCB88}.Debug|Any CPU.Build.0 = Debug|Any CPU
		{C5A7C06C-E399-4C26-B532-7EA284AFCB88}.Release|Any CPU.ActiveCfg = Release|Any CPU
		{C5A7C06C-E399-4C26-B532-7EA284AFCB88}.Release|Any CPU.Build.0 = Release|Any CPU
	EndGlobalSection
	GlobalSection(SolutionProperties) = preSolution
		HideSolutionNode = FALSE
	EndGlobalSection
	GlobalSection(ExtensibilityGlobals) = postSolution
		SolutionGuid = {8D51D96B-809E-48F4-86D2-4E631F96C3EC}
	EndGlobalSection
EndGlobal
